
Microsoft Visual Studio Solution File, Format Version 12.00
# Visual Studio 15
VisualStudioVersion = 15.0.28307.1082
MinimumVisualStudioVersion = 10.0.40219.1
Project("{FAE04EC0-301F-11D3-BF4B-00C04F79EFBC}") = "WebApplication6", "WebApplication6\WebApplication6.csproj", "{7547F736-5BEB-41A8-AFD1-3FFCF0A2F284}"
EndProject
Global
	GlobalSection(SolutionConfigurationPlatforms) = preSolution
		Debug|Any CPU = Debug|Any CPU
		Release|Any CPU = Release|Any CPU
	EndGlobalSection
	GlobalSection(ProjectConfigurationPlatforms) = postSolution
		{7547F736-5BEB-41A8-AFD1-3FFCF0A2F284}.Debug|Any CPU.ActiveCfg = Debug|Any CPU
		{7547F736-5BEB-41A8-AFD1-3FFCF0A2F284}.Debug|Any CPU.Build.0 = Debug|Any CPU
		{7547F736-5BEB-41A8-AFD1-3FFCF0A2F284}.Release|Any CPU.ActiveCfg = Release|Any CPU
		{7547F736-5BEB-41A8-AFD1-3FFCF0A2F284}.Release|Any CPU.Build.0 = Release|Any CPU
	EndGlobalSection
	GlobalSection(SolutionProperties) = preSolution
		HideSolutionNode = FALSE
	EndGlobalSection
	GlobalSection(ExtensibilityGlobals) = postSolution
		SolutionGuid = {BC92186A-5523-4B31-8D57-3640ADDC674F}
	EndGlobalSection
EndGlobal
